<?xml version="1.0" encoding="utf-8"?>
<Project ToolsVersion="4.0" xmlns="http://schemas.microsoft.com/developer/msbuild/2003">
  <ItemGroup>
    <Filter Include="Source Files">
      <UniqueIdentifier>{4FC737F1-C7A5-4376-A066-2A32D752A2FF}</UniqueIdentifier>
      <Extensions>cpp;c;cc;cxx;def;odl;idl;hpj;bat;asm;asmx</Extensions>
    </Filter>
    <Filter Include="Header Files">
      <UniqueIdentifier>{93995380-89BD-4b04-88EB-625FBE52EBFB}</UniqueIdentifier>
      <Extensions>h;hpp;hxx;hm;inl;inc;xsd</Extensions>
    </Filter>
    <Filter Include="Resource Files">
      <UniqueIdentifier>{67DA6AB6-F800-4c08-8B7A-83BB121AAD01}</UniqueIdentifier>
      <Extensions>rc;ico;cur;bmp;dlg;rc2;rct;bin;rgs;gif;jpg;jpeg;jpe;resx;tiff;tif;png;wav</Extensions>
    </Filter>
  </ItemGroup>
  <ItemGroup>
    <ClCompile Include="src\attack.c">
      <Filter>Source Files</Filter>
    </ClCompile>
    <ClCompile Include="src\birth.c">
      <Filter>Source Files</Filter>
    </ClCompile>
    <ClCompile Include="src\button.c">
      <Filter>Source Files</Filter>
    </ClCompile>
    <ClCompile Include="src\cave.c">
      <Filter>Source Files</Filter>
    </ClCompile>
    <ClCompile Include="src\cmd-know.c">
      <Filter>Source Files</Filter>
    </ClCompile>
    <ClCompile Include="src\cmd-obj.c">
      <Filter>Source Files</Filter>
    </ClCompile>
    <ClCompile Include="src\cmd0.c">
      <Filter>Source Files</Filter>
    </ClCompile>
    <ClCompile Include="src\cmd1.c">
      <Filter>Source Files</Filter>
    </ClCompile>
    <ClCompile Include="src\cmd2.c">
      <Filter>Source Files</Filter>
    </ClCompile>
    <ClCompile Include="src\cmd3.c">
      <Filter>Source Files</Filter>
    </ClCompile>
    <ClCompile Include="src\cmd4.c">
      <Filter>Source Files</Filter>
    </ClCompile>
    <ClCompile Include="src\cmd5.c">
      <Filter>Source Files</Filter>
    </ClCompile>
    <ClCompile Include="src\death.c">
      <Filter>Source Files</Filter>
    </ClCompile>
    <ClCompile Include="src\debug.c">
      <Filter>Source Files</Filter>
    </ClCompile>
    <ClCompile Include="src\dungeon.c">
      <Filter>Source Files</Filter>
    </ClCompile>
    <ClCompile Include="src\effects.c">
      <Filter>Source Files</Filter>
    </ClCompile>
    <ClCompile Include="src\files.c">
      <Filter>Source Files</Filter>
    </ClCompile>
    <ClCompile Include="src\game-cmd.c">
      <Filter>Source Files</Filter>
    </ClCompile>
    <ClCompile Include="src\game-event.c">
      <Filter>Source Files</Filter>
    </ClCompile>
    <ClCompile Include="src\generate.c">
      <Filter>Source Files</Filter>
    </ClCompile>
    <ClCompile Include="src\history.c">
      <Filter>Source Files</Filter>
    </ClCompile>
    <ClCompile Include="src\init1.c">
      <Filter>Source Files</Filter>
    </ClCompile>
    <ClCompile Include="src\init2.c">
      <Filter>Source Files</Filter>
    </ClCompile>
    <ClCompile Include="src\load-old.c">
      <Filter>Source Files</Filter>
    </ClCompile>
    <ClCompile Include="src\load.c">
      <Filter>Source Files</Filter>
    </ClCompile>
    <ClCompile Include="src\main-win.c">
      <Filter>Source Files</Filter>
    </ClCompile>
    <ClCompile Include="src\main.c">
      <Filter>Source Files</Filter>
    </ClCompile>
    <ClCompile Include="src\option.c">
      <Filter>Source Files</Filter>
    </ClCompile>
    <ClCompile Include="src\pathfind.c">
      <Filter>Source Files</Filter>
    </ClCompile>
    <ClCompile Include="src\prefs.c">
      <Filter>Source Files</Filter>
    </ClCompile>
    <ClCompile Include="src\randname.c">
      <Filter>Source Files</Filter>
    </ClCompile>
    <ClCompile Include="src\save.c">
      <Filter>Source Files</Filter>
    </ClCompile>
    <ClCompile Include="src\savefile.c">
      <Filter>Source Files</Filter>
    </ClCompile>
    <ClCompile Include="src\score.c">
      <Filter>Source Files</Filter>
    </ClCompile>
    <ClCompile Include="src\signals.c">
      <Filter>Source Files</Filter>
    </ClCompile>
    <ClCompile Include="src\snd-sdl.c">
      <Filter>Source Files</Filter>
    </ClCompile>
    <ClCompile Include="src\spells1.c">
      <Filter>Source Files</Filter>
    </ClCompile>
    <ClCompile Include="src\spells2.c">
      <Filter>Source Files</Filter>
    </ClCompile>
    <ClCompile Include="src\squelch.c">
      <Filter>Source Files</Filter>
    </ClCompile>
    <ClCompile Include="src\store.c">
      <Filter>Source Files</Filter>
    </ClCompile>
    <ClCompile Include="src\tables.c">
      <Filter>Source Files</Filter>
    </ClCompile>
    <ClCompile Include="src\target.c">
      <Filter>Source Files</Filter>
    </ClCompile>
    <ClCompile Include="src\trap.c">
      <Filter>Source Files</Filter>
    </ClCompile>
    <ClCompile Include="src\ui-birth.c">
      <Filter>Source Files</Filter>
    </ClCompile>
    <ClCompile Include="src\ui-event.c">
      <Filter>Source Files</Filter>
    </ClCompile>
    <ClCompile Include="src\ui-menu.c">
      <Filter>Source Files</Filter>
    </ClCompile>
    <ClCompile Include="src\ui.c">
      <Filter>Source Files</Filter>
    </ClCompile>
    <ClCompile Include="src\util.c">
      <Filter>Source Files</Filter>
    </ClCompile>
    <ClCompile Include="src\variable.c">
      <Filter>Source Files</Filter>
    </ClCompile>
    <ClCompile Include="src\wiz-spoil.c">
      <Filter>Source Files</Filter>
    </ClCompile>
    <ClCompile Include="src\wiz-stats.c">
      <Filter>Source Files</Filter>
    </ClCompile>
    <ClCompile Include="src\wizard.c">
      <Filter>Source Files</Filter>
    </ClCompile>
    <ClCompile Include="src\x-spell.c">
      <Filter>Source Files</Filter>
    </ClCompile>
    <ClCompile Include="src\xtra2.c">
      <Filter>Source Files</Filter>
    </ClCompile>
    <ClCompile Include="src\xtra3.c">
      <Filter>Source Files</Filter>
    </ClCompile>
    <ClCompile Include="src\z-bitflag.c">
      <Filter>Source Files</Filter>
    </ClCompile>
    <ClCompile Include="src\z-file.c">
      <Filter>Source Files</Filter>
    </ClCompile>
    <ClCompile Include="src\z-form.c">
      <Filter>Source Files</Filter>
    </ClCompile>
    <ClCompile Include="src\z-msg.c">
      <Filter>Source Files</Filter>
    </ClCompile>
    <ClCompile Include="src\z-quark.c">
      <Filter>Source Files</Filter>
    </ClCompile>
    <ClCompile Include="src\z-rand.c">
      <Filter>Source Files</Filter>
    </ClCompile>
    <ClCompile Include="src\z-term.c">
      <Filter>Source Files</Filter>
    </ClCompile>
    <ClCompile Include="src\z-type.c">
      <Filter>Source Files</Filter>
    </ClCompile>
    <ClCompile Include="src\z-util.c">
      <Filter>Source Files</Filter>
    </ClCompile>
    <ClCompile Include="src\z-virt.c">
      <Filter>Source Files</Filter>
    </ClCompile>
    <ClCompile Include="src\gtk\cairo-utils.c">
      <Filter>Source Files</Filter>
    </ClCompile>
    <ClCompile Include="src\monster\melee1.c">
      <Filter>Source Files</Filter>
    </ClCompile>
    <ClCompile Include="src\monster\melee2.c">
      <Filter>Source Files</Filter>
    </ClCompile>
    <ClCompile Include="src\monster\monster1.c">
      <Filter>Source Files</Filter>
    </ClCompile>
    <ClCompile Include="src\monster\monster2.c">
      <Filter>Source Files</Filter>
    </ClCompile>
    <ClCompile Include="src\object\identify.c">
      <Filter>Source Files</Filter>
    </ClCompile>
    <ClCompile Include="src\object\obj-desc.c">
      <Filter>Source Files</Filter>
    </ClCompile>
    <ClCompile Include="src\object\obj-info.c">
      <Filter>Source Files</Filter>
    </ClCompile>
    <ClCompile Include="src\object\obj-make.c">
      <Filter>Source Files</Filter>
    </ClCompile>
    <ClCompile Include="src\object\obj-power.c">
      <Filter>Source Files</Filter>
    </ClCompile>
    <ClCompile Include="src\object\obj-ui.c">
      <Filter>Source Files</Filter>
    </ClCompile>
    <ClCompile Include="src\object\obj-util.c">
      <Filter>Source Files</Filter>
    </ClCompile>
    <ClCompile Include="src\object\randart.c">
      <Filter>Source Files</Filter>
    </ClCompile>
    <ClCompile Include="src\player\calcs.c">
      <Filter>Source Files</Filter>
    </ClCompile>
    <ClCompile Include="src\player\timed.c">
      <Filter>Source Files</Filter>
    </ClCompile>
    <ClCompile Include="src\player\util.c">
      <Filter>Source Files</Filter>
    </ClCompile>
    <ClCompile Include="src\win\readdib.c">
      <Filter>Source Files</Filter>
    </ClCompile>
  </ItemGroup>
  <ItemGroup>
    <ClInclude Include="src\angband.h">
      <Filter>Header Files</Filter>
    </ClInclude>
    <ClInclude Include="src\cmds.h">
      <Filter>Header Files</Filter>
    </ClInclude>
    <ClInclude Include="src\config.h">
      <Filter>Header Files</Filter>
    </ClInclude>
    <ClInclude Include="src\debug.h">
      <Filter>Header Files</Filter>
    </ClInclude>
    <ClInclude Include="src\defines.h">
      <Filter>Header Files</Filter>
    </ClInclude>
    <ClInclude Include="src\effects.h">
      <Filter>Header Files</Filter>
    </ClInclude>
    <ClInclude Include="src\externs.h">
      <Filter>Header Files</Filter>
    </ClInclude>
    <ClInclude Include="src\game-cmd.h">
      <Filter>Header Files</Filter>
    </ClInclude>
    <ClInclude Include="src\game-event.h">
      <Filter>Header Files</Filter>
    </ClInclude>
    <ClInclude Include="src\h-basic.h">
      <Filter>Header Files</Filter>
    </ClInclude>
    <ClInclude Include="src\init.h">
      <Filter>Header Files</Filter>
    </ClInclude>
    <ClInclude Include="src\list-blow-effects.h">
      <Filter>Header Files</Filter>
    </ClInclude>
    <ClInclude Include="src\list-blow-methods.h">
      <Filter>Header Files</Filter>
    </ClInclude>
    <ClInclude Include="src\list-effects.h">
      <Filter>Header Files</Filter>
    </ClInclude>
    <ClInclude Include="src\list-mon-flags.h">
      <Filter>Header Files</Filter>
    </ClInclude>
    <ClInclude Include="src\list-mon-spells.h">
      <Filter>Header Files</Filter>
    </ClInclude>
    <ClInclude Include="src\list-object-flags.h">
      <Filter>Header Files</Filter>
    </ClInclude>
    <ClInclude Include="src\list-player-flags.h">
      <Filter>Header Files</Filter>
    </ClInclude>
    <ClInclude Include="src\main.h">
      <Filter>Header Files</Filter>
    </ClInclude>
    <ClInclude Include="src\option.h">
      <Filter>Header Files</Filter>
    </ClInclude>
    <ClInclude Include="src\savefile.h">
      <Filter>Header Files</Filter>
    </ClInclude>
    <ClInclude Include="src\store.h">
      <Filter>Header Files</Filter>
    </ClInclude>
    <ClInclude Include="src\textui.h">
      <Filter>Header Files</Filter>
    </ClInclude>
    <ClInclude Include="src\types.h">
      <Filter>Header Files</Filter>
    </ClInclude>
    <ClInclude Include="src\ui-birth.h">
      <Filter>Header Files</Filter>
    </ClInclude>
    <ClInclude Include="src\ui-event.h">
      <Filter>Header Files</Filter>
    </ClInclude>
    <ClInclude Include="src\ui-menu.h">
      <Filter>Header Files</Filter>
    </ClInclude>
    <ClInclude Include="src\ui.h">
      <Filter>Header Files</Filter>
    </ClInclude>
    <ClInclude Include="src\wizard.h">
      <Filter>Header Files</Filter>
    </ClInclude>
    <ClInclude Include="src\z-bitflag.h">
      <Filter>Header Files</Filter>
    </ClInclude>
    <ClInclude Include="src\z-file.h">
      <Filter>Header Files</Filter>
    </ClInclude>
    <ClInclude Include="src\z-form.h">
      <Filter>Header Files</Filter>
    </ClInclude>
    <ClInclude Include="src\z-msg.h">
      <Filter>Header Files</Filter>
    </ClInclude>
    <ClInclude Include="src\z-quark.h">
      <Filter>Header Files</Filter>
    </ClInclude>
    <ClInclude Include="src\z-rand.h">
      <Filter>Header Files</Filter>
    </ClInclude>
    <ClInclude Include="src\z-term.h">
      <Filter>Header Files</Filter>
    </ClInclude>
    <ClInclude Include="src\z-type.h">
      <Filter>Header Files</Filter>
    </ClInclude>
    <ClInclude Include="src\z-util.h">
      <Filter>Header Files</Filter>
    </ClInclude>
    <ClInclude Include="src\z-virt.h">
      <Filter>Header Files</Filter>
    </ClInclude>
    <ClInclude Include="src\gtk\cairo-utils.h">
      <Filter>Header Files</Filter>
    </ClInclude>
    <ClInclude Include="src\gtk\main-gtk.h">
      <Filter>Header Files</Filter>
    </ClInclude>
    <ClInclude Include="src\monster\constants.h">
      <Filter>Header Files</Filter>
    </ClInclude>
    <ClInclude Include="src\monster\types.h">
      <Filter>Header Files</Filter>
    </ClInclude>
    <ClInclude Include="src\nds\ds_btn.h">
      <Filter>Header Files</Filter>
    </ClInclude>
    <ClInclude Include="src\nds\ds_errfont.h">
      <Filter>Header Files</Filter>
    </ClInclude>
    <ClInclude Include="src\nds\ds_gfx.h">
      <Filter>Header Files</Filter>
    </ClInclude>
    <ClInclude Include="src\nds\ds_io.h">
      <Filter>Header Files</Filter>
    </ClInclude>
    <ClInclude Include="src\nds\ds_kbd.h">
      <Filter>Header Files</Filter>
    </ClInclude>
    <ClInclude Include="src\nds\ds_main.h">
      <Filter>Header Files</Filter>
    </ClInclude>
    <ClInclude Include="src\nds\ds_win.h">
      <Filter>Header Files</Filter>
    </ClInclude>
    <ClInclude Include="src\object\constants.h">
      <Filter>Header Files</Filter>
    </ClInclude>
    <ClInclude Include="src\object\object.h">
      <Filter>Header Files</Filter>
    </ClInclude>
    <ClInclude Include="src\object\tvalsval.h">
      <Filter>Header Files</Filter>
    </ClInclude>
    <ClInclude Include="src\object\types.h">
      <Filter>Header Files</Filter>
    </ClInclude>
    <ClInclude Include="src\osx\osx_tables.h">
      <Filter>Header Files</Filter>
    </ClInclude>
    <ClInclude Include="src\player\player.h">
      <Filter>Header Files</Filter>
    </ClInclude>
    <ClInclude Include="src\player\types.h">
      <Filter>Header Files</Filter>
    </ClInclude>
    <ClInclude Include="src\win\readdib.h">
      <Filter>Header Files</Filter>
    </ClInclude>
  </ItemGroup>
  <ItemGroup>
    <None Include="src\Makefile.inc">
      <Filter>Header Files</Filter>
    </None>
  </ItemGroup>
  <ItemGroup>
    <ResourceCompile Include="src\win\angband.rc">
      <Filter>Resource Files</Filter>
    </ResourceCompile>
  </ItemGroup>
</Project>