
Microsoft Visual Studio Solution File, Format Version 11.00
# Visual C++ Express 2010
Project("{8BC9CEB8-8B4A-11D0-8D11-00A0C91BC942}") = "jackband", "angband.vcxproj", "{657CA240-EFE1-EC81-DDB4-1A3B77CE612C}"
EndProject
Global
	GlobalSection(SolutionConfigurationPlatforms) = preSolution
		Debug|Win32 = Debug|Win32
		Release|Win32 = Release|Win32
	EndGlobalSection
	GlobalSection(ProjectConfigurationPlatforms) = postSolution
		{657CA240-EFE1-EC81-DDB4-1A3B77CE612C}.Debug|Win32.ActiveCfg = Debug|Win32
		{657CA240-EFE1-EC81-DDB4-1A3B77CE612C}.Debug|Win32.Build.0 = Debug|Win32
		{657CA240-EFE1-EC81-DDB4-1A3B77CE612C}.Release|Win32.ActiveCfg = Release|Win32
		{657CA240-EFE1-EC81-DDB4-1A3B77CE612C}.Release|Win32.Build.0 = Release|Win32
	EndGlobalSection
	GlobalSection(SolutionProperties) = preSolution
		HideSolutionNode = FALSE
	EndGlobalSection
EndGlobal
