<?xml version="1.0" encoding="utf-8"?>
<Project ToolsVersion="4.0" xmlns="http://schemas.microsoft.com/developer/msbuild/2003">
  <ItemGroup>
    <Filter Include="Source Files">
      <UniqueIdentifier>{4FC737F1-C7A5-4376-A066-2A32D752A2FF}</UniqueIdentifier>
      <Extensions>cpp;c;cc;cxx;def;odl;idl;hpj;bat;asm;asmx</Extensions>
    </Filter>
    <Filter Include="Header Files">
      <UniqueIdentifier>{93995380-89BD-4b04-88EB-625FBE52EBFB}</UniqueIdentifier>
      <Extensions>h;hh;hpp;hxx;hm;inl;inc;ipp;xsd</Extensions>
    </Filter>
    <Filter Include="Resource Files">
      <UniqueIdentifier>{67DA6AB6-F800-4c08-8B7A-83BB121AAD01}</UniqueIdentifier>
      <Extensions>rc;ico;cur;bmp;dlg;rc2;rct;bin;rgs;gif;jpg;jpeg;jpe;resx;tiff;tif;png;wav;mfcribbon-ms</Extensions>
    </Filter>
  </ItemGroup>
  <ItemGroup>
    <ResourceCompile Include="src\frogcomposband.rc">
      <Filter>Resource Files</Filter>
    </ResourceCompile>
  </ItemGroup>
  <ItemGroup>
    <ClInclude Include="src\angband.h">
      <Filter>Header Files</Filter>
    </ClInclude>
    <ClInclude Include="src\classes.h">
      <Filter>Header Files</Filter>
    </ClInclude>
    <ClInclude Include="src\c-string.h">
      <Filter>Header Files</Filter>
    </ClInclude>
    <ClInclude Include="src\c-vec.h">
      <Filter>Header Files</Filter>
    </ClInclude>
    <ClInclude Include="src\defines.h">
      <Filter>Header Files</Filter>
    </ClInclude>
    <ClInclude Include="src\equip.h">
      <Filter>Header Files</Filter>
    </ClInclude>
    <ClInclude Include="src\externs.h">
      <Filter>Header Files</Filter>
    </ClInclude>
    <ClInclude Include="src\fear.h">
      <Filter>Header Files</Filter>
    </ClInclude>
    <ClInclude Include="src\generate.h">
      <Filter>Header Files</Filter>
    </ClInclude>
    <ClInclude Include="src\gf.h">
      <Filter>Header Files</Filter>
    </ClInclude>
    <ClInclude Include="src\grid.h">
      <Filter>Header Files</Filter>
    </ClInclude>
    <ClInclude Include="src\h-basic.h">
      <Filter>Header Files</Filter>
    </ClInclude>
    <ClInclude Include="src\h-config.h">
      <Filter>Header Files</Filter>
    </ClInclude>
    <ClInclude Include="src\h-define.h">
      <Filter>Header Files</Filter>
    </ClInclude>
    <ClInclude Include="src\home.h">
      <Filter>Header Files</Filter>
    </ClInclude>
    <ClInclude Include="src\h-system.h">
      <Filter>Header Files</Filter>
    </ClInclude>
    <ClInclude Include="src\h-type.h">
      <Filter>Header Files</Filter>
    </ClInclude>
    <ClInclude Include="src\init.h">
      <Filter>Header Files</Filter>
    </ClInclude>
    <ClInclude Include="src\int-map.h">
      <Filter>Header Files</Filter>
    </ClInclude>
    <ClInclude Include="src\inv.h">
      <Filter>Header Files</Filter>
    </ClInclude>
    <ClInclude Include="src\menu.h">
      <Filter>Header Files</Filter>
    </ClInclude>
    <ClInclude Include="src\message.h">
      <Filter>Header Files</Filter>
    </ClInclude>
    <ClInclude Include="src\mon.h">
      <Filter>Header Files</Filter>
    </ClInclude>
    <ClInclude Include="src\monspell.h">
      <Filter>Header Files</Filter>
    </ClInclude>
    <ClInclude Include="src\msvc_warnings.h">
      <Filter>Header Files</Filter>
    </ClInclude>
    <ClInclude Include="src\mut.h">
      <Filter>Header Files</Filter>
    </ClInclude>
    <ClInclude Include="src\obj.h">
      <Filter>Header Files</Filter>
    </ClInclude>
    <ClInclude Include="src\obj_prompt.h">
      <Filter>Header Files</Filter>
    </ClInclude>
    <ClInclude Include="src\pack.h">
      <Filter>Header Files</Filter>
    </ClInclude>
    <ClInclude Include="src\py_throw.h">
      <Filter>Header Files</Filter>
    </ClInclude>
    <ClInclude Include="src\quest.h">
      <Filter>Header Files</Filter>
    </ClInclude>
    <ClInclude Include="src\quiver.h">
      <Filter>Header Files</Filter>
    </ClInclude>
    <ClInclude Include="src\randname.h">
      <Filter>Header Files</Filter>
    </ClInclude>
    <ClInclude Include="src\readdib.h">
      <Filter>Header Files</Filter>
    </ClInclude>
    <ClInclude Include="src\rect.h">
      <Filter>Header Files</Filter>
    </ClInclude>
    <ClInclude Include="src\resist.h">
      <Filter>Header Files</Filter>
    </ClInclude>
    <ClInclude Include="src\rooms.h">
      <Filter>Header Files</Filter>
    </ClInclude>
    <ClInclude Include="src\savefile.h">
      <Filter>Header Files</Filter>
    </ClInclude>
    <ClInclude Include="src\scores.h">
      <Filter>Header Files</Filter>
    </ClInclude>
    <ClInclude Include="src\shop.h">
      <Filter>Header Files</Filter>
    </ClInclude>
    <ClInclude Include="src\spells.h">
      <Filter>Header Files</Filter>
    </ClInclude>
    <ClInclude Include="src\streams.h">
      <Filter>Header Files</Filter>
    </ClInclude>
    <ClInclude Include="src\types.h">
      <Filter>Header Files</Filter>
    </ClInclude>
    <ClInclude Include="src\variant.h">
      <Filter>Header Files</Filter>
    </ClInclude>
    <ClInclude Include="src\z-config.h">
      <Filter>Header Files</Filter>
    </ClInclude>
    <ClInclude Include="src\z-doc.h">
      <Filter>Header Files</Filter>
    </ClInclude>
    <ClInclude Include="src\z-form.h">
      <Filter>Header Files</Filter>
    </ClInclude>
    <ClInclude Include="src\z-rand.h">
      <Filter>Header Files</Filter>
    </ClInclude>
    <ClInclude Include="src\z-term.h">
      <Filter>Header Files</Filter>
    </ClInclude>
    <ClInclude Include="src\z-util.h">
      <Filter>Header Files</Filter>
    </ClInclude>
    <ClInclude Include="src\z-virt.h">
      <Filter>Header Files</Filter>
    </ClInclude>
  </ItemGroup>
  <ItemGroup>
    <ClCompile Include="src\alky.c">
      <Filter>Source Files</Filter>
    </ClCompile>
    <ClCompile Include="src\angband.c">
      <Filter>Source Files</Filter>
    </ClCompile>
    <ClCompile Include="src\archaeologist.c">
      <Filter>Source Files</Filter>
    </ClCompile>
    <ClCompile Include="src\archer.c">
      <Filter>Source Files</Filter>
    </ClCompile>
    <ClCompile Include="src\artifact.c">
      <Filter>Source Files</Filter>
    </ClCompile>
    <ClCompile Include="src\autopick.c">
      <Filter>Source Files</Filter>
    </ClCompile>
    <ClCompile Include="src\bard.c">
      <Filter>Source Files</Filter>
    </ClCompile>
    <ClCompile Include="src\beastmaster.c">
      <Filter>Source Files</Filter>
    </ClCompile>
    <ClCompile Include="src\beorning.c">
      <Filter>Source Files</Filter>
    </ClCompile>
    <ClCompile Include="src\berserker.c">
      <Filter>Source Files</Filter>
    </ClCompile>
    <ClCompile Include="src\birth.c">
      <Filter>Source Files</Filter>
    </ClCompile>
    <ClCompile Include="src\bldg.c">
      <Filter>Source Files</Filter>
    </ClCompile>
    <ClCompile Include="src\blood_knight.c">
      <Filter>Source Files</Filter>
    </ClCompile>
    <ClCompile Include="src\blood_mage.c">
      <Filter>Source Files</Filter>
    </ClCompile>
    <ClCompile Include="src\cavalry.c">
      <Filter>Source Files</Filter>
    </ClCompile>
    <ClCompile Include="src\cave.c">
      <Filter>Source Files</Filter>
    </ClCompile>
    <ClCompile Include="src\chaos_mage.c">
      <Filter>Source Files</Filter>
    </ClCompile>
    <ClCompile Include="src\chaos_warrior.c">
      <Filter>Source Files</Filter>
    </ClCompile>
    <ClCompile Include="src\classes.c">
      <Filter>Source Files</Filter>
    </ClCompile>
    <ClCompile Include="src\cmd1.c">
      <Filter>Source Files</Filter>
    </ClCompile>
    <ClCompile Include="src\cmd2.c">
      <Filter>Source Files</Filter>
    </ClCompile>
    <ClCompile Include="src\cmd3.c">
      <Filter>Source Files</Filter>
    </ClCompile>
    <ClCompile Include="src\cmd4.c">
      <Filter>Source Files</Filter>
    </ClCompile>
    <ClCompile Include="src\cmd5.c">
      <Filter>Source Files</Filter>
    </ClCompile>
    <ClCompile Include="src\cmd6.c">
      <Filter>Source Files</Filter>
    </ClCompile>
    <ClCompile Include="src\combat.c">
      <Filter>Source Files</Filter>
    </ClCompile>
    <ClCompile Include="src\corny.c">
      <Filter>Source Files</Filter>
    </ClCompile>
    <ClCompile Include="src\c-string.c">
      <Filter>Source Files</Filter>
    </ClCompile>
    <ClCompile Include="src\c-vec.c">
      <Filter>Source Files</Filter>
    </ClCompile>
    <ClCompile Include="src\demigod.c">
      <Filter>Source Files</Filter>
    </ClCompile>
    <ClCompile Include="src\devicemaster.c">
      <Filter>Source Files</Filter>
    </ClCompile>
    <ClCompile Include="src\devices.c">
      <Filter>Source Files</Filter>
    </ClCompile>
    <ClCompile Include="src\disciple.c">
      <Filter>Source Files</Filter>
    </ClCompile>
    <ClCompile Include="src\doppelganger.c">
      <Filter>Source Files</Filter>
    </ClCompile>
    <ClCompile Include="src\do-spell.c">
      <Filter>Source Files</Filter>
    </ClCompile>
    <ClCompile Include="src\duelist.c">
      <Filter>Source Files</Filter>
    </ClCompile>
    <ClCompile Include="src\dungeon.c">
      <Filter>Source Files</Filter>
    </ClCompile>
    <ClCompile Include="src\effects.c">
      <Filter>Source Files</Filter>
    </ClCompile>
    <ClCompile Include="src\ego.c">
      <Filter>Source Files</Filter>
    </ClCompile>
    <ClCompile Include="src\equip.c">
      <Filter>Source Files</Filter>
    </ClCompile>
    <ClCompile Include="src\fear.c">
      <Filter>Source Files</Filter>
    </ClCompile>
    <ClCompile Include="src\files.c">
      <Filter>Source Files</Filter>
    </ClCompile>
    <ClCompile Include="src\flavor.c">
      <Filter>Source Files</Filter>
    </ClCompile>
    <ClCompile Include="src\floors.c">
      <Filter>Source Files</Filter>
    </ClCompile>
    <ClCompile Include="src\force_trainer.c">
      <Filter>Source Files</Filter>
    </ClCompile>
    <ClCompile Include="src\generate.c">
      <Filter>Source Files</Filter>
    </ClCompile>
    <ClCompile Include="src\gf.c">
      <Filter>Source Files</Filter>
    </ClCompile>
    <ClCompile Include="src\gray_mage.c">
      <Filter>Source Files</Filter>
    </ClCompile>
    <ClCompile Include="src\grid.c">
      <Filter>Source Files</Filter>
    </ClCompile>
    <ClCompile Include="src\hex.c">
      <Filter>Source Files</Filter>
    </ClCompile>
    <ClCompile Include="src\hex_mage.c">
      <Filter>Source Files</Filter>
    </ClCompile>
    <ClCompile Include="src\high_mage.c">
      <Filter>Source Files</Filter>
    </ClCompile>
    <ClCompile Include="src\home.c">
      <Filter>Source Files</Filter>
    </ClCompile>
    <ClCompile Include="src\init1.c">
      <Filter>Source Files</Filter>
    </ClCompile>
    <ClCompile Include="src\init2.c">
      <Filter>Source Files</Filter>
    </ClCompile>
    <ClCompile Include="src\int-map.c">
      <Filter>Source Files</Filter>
    </ClCompile>
    <ClCompile Include="src\inv.c">
      <Filter>Source Files</Filter>
    </ClCompile>
    <ClCompile Include="src\karrot.c">
      <Filter>Source Files</Filter>
    </ClCompile>
    <ClCompile Include="src\lawyer.c">
      <Filter>Source Files</Filter>
    </ClCompile>
    <ClCompile Include="src\load.c">
      <Filter>Source Files</Filter>
    </ClCompile>
    <ClCompile Include="src\mage.c">
      <Filter>Source Files</Filter>
    </ClCompile>
    <ClCompile Include="src\magic_eater.c">
      <Filter>Source Files</Filter>
    </ClCompile>
    <ClCompile Include="src\main-win.c">
      <Filter>Source Files</Filter>
    </ClCompile>
    <ClCompile Include="src\mauler.c">
      <Filter>Source Files</Filter>
    </ClCompile>
    <ClCompile Include="src\melee1.c">
      <Filter>Source Files</Filter>
    </ClCompile>
    <ClCompile Include="src\melee2.c">
      <Filter>Source Files</Filter>
    </ClCompile>
    <ClCompile Include="src\menu.c">
      <Filter>Source Files</Filter>
    </ClCompile>
    <ClCompile Include="src\message.c">
      <Filter>Source Files</Filter>
    </ClCompile>
    <ClCompile Include="src\mindcrafter.c">
      <Filter>Source Files</Filter>
    </ClCompile>
    <ClCompile Include="src\mirror_master.c">
      <Filter>Source Files</Filter>
    </ClCompile>
    <ClCompile Include="src\mon.c">
      <Filter>Source Files</Filter>
    </ClCompile>
    <ClCompile Include="src\mon_info.c">
      <Filter>Source Files</Filter>
    </ClCompile>
    <ClCompile Include="src\monk.c">
      <Filter>Source Files</Filter>
    </ClCompile>
    <ClCompile Include="src\monspell.c">
      <Filter>Source Files</Filter>
    </ClCompile>
    <ClCompile Include="src\monster.c">
      <Filter>Source Files</Filter>
    </ClCompile>
    <ClCompile Include="src\monster1.c">
      <Filter>Source Files</Filter>
    </ClCompile>
    <ClCompile Include="src\monster2.c">
      <Filter>Source Files</Filter>
    </ClCompile>
    <ClCompile Include="src\mspells1.c">
      <Filter>Source Files</Filter>
    </ClCompile>
    <ClCompile Include="src\mspells2.c">
      <Filter>Source Files</Filter>
    </ClCompile>
    <ClCompile Include="src\mut.c">
      <Filter>Source Files</Filter>
    </ClCompile>
    <ClCompile Include="src\mut_a.c">
      <Filter>Source Files</Filter>
    </ClCompile>
    <ClCompile Include="src\mystic.c">
      <Filter>Source Files</Filter>
    </ClCompile>
    <ClCompile Include="src\necromancer.c">
      <Filter>Source Files</Filter>
    </ClCompile>
    <ClCompile Include="src\ninja.c">
      <Filter>Source Files</Filter>
    </ClCompile>
    <ClCompile Include="src\ninjalaw.c">
      <Filter>Source Files</Filter>
    </ClCompile>
    <ClCompile Include="src\obj.c">
      <Filter>Source Files</Filter>
    </ClCompile>
    <ClCompile Include="src\obj_info.c">
      <Filter>Source Files</Filter>
    </ClCompile>
    <ClCompile Include="src\obj_kind.c">
      <Filter>Source Files</Filter>
    </ClCompile>
    <ClCompile Include="src\obj_prompt.c">
      <Filter>Source Files</Filter>
    </ClCompile>
    <ClCompile Include="src\object1.c">
      <Filter>Source Files</Filter>
    </ClCompile>
    <ClCompile Include="src\object2.c">
      <Filter>Source Files</Filter>
    </ClCompile>
    <ClCompile Include="src\object3.c">
      <Filter>Source Files</Filter>
    </ClCompile>
    <ClCompile Include="src\pack.c">
      <Filter>Source Files</Filter>
    </ClCompile>
    <ClCompile Include="src\paladin.c">
      <Filter>Source Files</Filter>
    </ClCompile>
    <ClCompile Include="src\personality.c">
      <Filter>Source Files</Filter>
    </ClCompile>
    <ClCompile Include="src\polly.c">
      <Filter>Source Files</Filter>
    </ClCompile>
    <ClCompile Include="src\priest.c">
      <Filter>Source Files</Filter>
    </ClCompile>
    <ClCompile Include="src\psion.c">
      <Filter>Source Files</Filter>
    </ClCompile>
    <ClCompile Include="src\py_birth.c">
      <Filter>Source Files</Filter>
    </ClCompile>
    <ClCompile Include="src\py_info.c">
      <Filter>Source Files</Filter>
    </ClCompile>
    <ClCompile Include="src\py_throw.c">
      <Filter>Source Files</Filter>
    </ClCompile>
    <ClCompile Include="src\quest.c">
      <Filter>Source Files</Filter>
    </ClCompile>
    <ClCompile Include="src\quiver.c">
      <Filter>Source Files</Filter>
    </ClCompile>
    <ClCompile Include="src\r_angel.c">
      <Filter>Source Files</Filter>
    </ClCompile>
    <ClCompile Include="src\r_centip.c">
      <Filter>Source Files</Filter>
    </ClCompile>
    <ClCompile Include="src\r_demon.c">
      <Filter>Source Files</Filter>
    </ClCompile>
    <ClCompile Include="src\r_dragon.c">
      <Filter>Source Files</Filter>
    </ClCompile>
    <ClCompile Include="src\r_elem.c">
      <Filter>Source Files</Filter>
    </ClCompile>
    <ClCompile Include="src\r_eye.c">
      <Filter>Source Files</Filter>
    </ClCompile>
    <ClCompile Include="src\r_ghost.c">
      <Filter>Source Files</Filter>
    </ClCompile>
    <ClCompile Include="src\r_giant.c">
      <Filter>Source Files</Filter>
    </ClCompile>
    <ClCompile Include="src\r_golem.c">
      <Filter>Source Files</Filter>
    </ClCompile>
    <ClCompile Include="src\r_hound.c">
      <Filter>Source Files</Filter>
    </ClCompile>
    <ClCompile Include="src\r_hydra.c">
      <Filter>Source Files</Filter>
    </ClCompile>
    <ClCompile Include="src\r_jelly.c">
      <Filter>Source Files</Filter>
    </ClCompile>
    <ClCompile Include="src\r_leprec.c">
      <Filter>Source Files</Filter>
    </ClCompile>
    <ClCompile Include="src\r_lich.c">
      <Filter>Source Files</Filter>
    </ClCompile>
    <ClCompile Include="src\r_mimic.c">
      <Filter>Source Files</Filter>
    </ClCompile>
    <ClCompile Include="src\r_orc.c">
      <Filter>Source Files</Filter>
    </ClCompile>
    <ClCompile Include="src\r_poss.c">
      <Filter>Source Files</Filter>
    </ClCompile>
    <ClCompile Include="src\r_pump.c">
      <Filter>Source Files</Filter>
    </ClCompile>
    <ClCompile Include="src\r_quyl.c">
      <Filter>Source Files</Filter>
    </ClCompile>
    <ClCompile Include="src\r_rag.c">
      <Filter>Source Files</Filter>
    </ClCompile>
    <ClCompile Include="src\r_ring.c">
      <Filter>Source Files</Filter>
    </ClCompile>
    <ClCompile Include="src\r_spider.c">
      <Filter>Source Files</Filter>
    </ClCompile>
    <ClCompile Include="src\r_sword.c">
      <Filter>Source Files</Filter>
    </ClCompile>
    <ClCompile Include="src\r_troll.c">
      <Filter>Source Files</Filter>
    </ClCompile>
    <ClCompile Include="src\r_vamp.c">
      <Filter>Source Files</Filter>
    </ClCompile>
    <ClCompile Include="src\r_vortex.c">
      <Filter>Source Files</Filter>
    </ClCompile>
    <ClCompile Include="src\r_xorn.c">
      <Filter>Source Files</Filter>
    </ClCompile>
    <ClCompile Include="src\r_zombie.c">
      <Filter>Source Files</Filter>
    </ClCompile>
    <ClCompile Include="src\races.c">
      <Filter>Source Files</Filter>
    </ClCompile>
    <ClCompile Include="src\races_a.c">
      <Filter>Source Files</Filter>
    </ClCompile>
    <ClCompile Include="src\races_k.c">
      <Filter>Source Files</Filter>
    </ClCompile>
    <ClCompile Include="src\races_mimic.c">
      <Filter>Source Files</Filter>
    </ClCompile>
    <ClCompile Include="src\racial.c">
      <Filter>Source Files</Filter>
    </ClCompile>
    <ClCompile Include="src\randname.c">
      <Filter>Source Files</Filter>
    </ClCompile>
    <ClCompile Include="src\ranger.c">
      <Filter>Source Files</Filter>
    </ClCompile>
    <ClCompile Include="src\readdib.c">
      <Filter>Source Files</Filter>
    </ClCompile>
    <ClCompile Include="src\rect.c">
      <Filter>Source Files</Filter>
    </ClCompile>
    <ClCompile Include="src\red_mage.c">
      <Filter>Source Files</Filter>
    </ClCompile>
    <ClCompile Include="src\resist.c">
      <Filter>Source Files</Filter>
    </ClCompile>
    <ClCompile Include="src\rogue.c">
      <Filter>Source Files</Filter>
    </ClCompile>
    <ClCompile Include="src\rooms.c">
      <Filter>Source Files</Filter>
    </ClCompile>
    <ClCompile Include="src\rune_knight.c">
      <Filter>Source Files</Filter>
    </ClCompile>
    <ClCompile Include="src\samurai.c">
      <Filter>Source Files</Filter>
    </ClCompile>
    <ClCompile Include="src\save.c">
      <Filter>Source Files</Filter>
    </ClCompile>
    <ClCompile Include="src\savefile.c">
      <Filter>Source Files</Filter>
    </ClCompile>
    <ClCompile Include="src\scores.c">
      <Filter>Source Files</Filter>
    </ClCompile>
    <ClCompile Include="src\scout.c">
      <Filter>Source Files</Filter>
    </ClCompile>
    <ClCompile Include="src\shop.c">
      <Filter>Source Files</Filter>
    </ClCompile>
    <ClCompile Include="src\skillmaster.c">
      <Filter>Source Files</Filter>
    </ClCompile>
    <ClCompile Include="src\skills.c">
      <Filter>Source Files</Filter>
    </ClCompile>
    <ClCompile Include="src\sniper.c">
      <Filter>Source Files</Filter>
    </ClCompile>
    <ClCompile Include="src\sorcerer.c">
      <Filter>Source Files</Filter>
    </ClCompile>
    <ClCompile Include="src\spells.c">
      <Filter>Source Files</Filter>
    </ClCompile>
    <ClCompile Include="src\spells_a.c">
      <Filter>Source Files</Filter>
    </ClCompile>
    <ClCompile Include="src\spells_c.c">
      <Filter>Source Files</Filter>
    </ClCompile>
    <ClCompile Include="src\spells_h.c">
      <Filter>Source Files</Filter>
    </ClCompile>
    <ClCompile Include="src\spells_m.c">
      <Filter>Source Files</Filter>
    </ClCompile>
    <ClCompile Include="src\spells_s.c">
      <Filter>Source Files</Filter>
    </ClCompile>
    <ClCompile Include="src\spells1.c">
      <Filter>Source Files</Filter>
    </ClCompile>
    <ClCompile Include="src\spells2.c">
      <Filter>Source Files</Filter>
    </ClCompile>
    <ClCompile Include="src\spells3.c">
      <Filter>Source Files</Filter>
    </ClCompile>
    <ClCompile Include="src\spoilers.c">
      <Filter>Source Files</Filter>
    </ClCompile>
    <ClCompile Include="src\streams.c">
      <Filter>Source Files</Filter>
    </ClCompile>
    <ClCompile Include="src\str-map.c">
      <Filter>Source Files</Filter>
    </ClCompile>
    <ClCompile Include="src\tables.c">
      <Filter>Source Files</Filter>
    </ClCompile>
    <ClCompile Include="src\tourist.c">
      <Filter>Source Files</Filter>
    </ClCompile>
    <ClCompile Include="src\troika.c">
      <Filter>Source Files</Filter>
    </ClCompile>
    <ClCompile Include="src\util.c">
      <Filter>Source Files</Filter>
    </ClCompile>
    <ClCompile Include="src\variable.c">
      <Filter>Source Files</Filter>
    </ClCompile>
    <ClCompile Include="src\variant.c">
      <Filter>Source Files</Filter>
    </ClCompile>
    <ClCompile Include="src\virtue.c">
      <Filter>Source Files</Filter>
    </ClCompile>
    <ClCompile Include="src\warlock.c">
      <Filter>Source Files</Filter>
    </ClCompile>
    <ClCompile Include="src\warrior.c">
      <Filter>Source Files</Filter>
    </ClCompile>
    <ClCompile Include="src\warrior_mage.c">
      <Filter>Source Files</Filter>
    </ClCompile>
    <ClCompile Include="src\weaponmaster.c">
      <Filter>Source Files</Filter>
    </ClCompile>
    <ClCompile Include="src\weaponsmith.c">
      <Filter>Source Files</Filter>
    </ClCompile>
    <ClCompile Include="src\werewolf.c">
      <Filter>Source Files</Filter>
    </ClCompile>
    <ClCompile Include="src\wild.c">
      <Filter>Source Files</Filter>
    </ClCompile>
    <ClCompile Include="src\wild_realm.c">
      <Filter>Source Files</Filter>
    </ClCompile>
    <ClCompile Include="src\wild_talent.c">
      <Filter>Source Files</Filter>
    </ClCompile>
    <ClCompile Include="src\wiz_obj.c">
      <Filter>Source Files</Filter>
    </ClCompile>
    <ClCompile Include="src\wizard1.c">
      <Filter>Source Files</Filter>
    </ClCompile>
    <ClCompile Include="src\wizard2.c">
      <Filter>Source Files</Filter>
    </ClCompile>
    <ClCompile Include="src\xtra1.c">
      <Filter>Source Files</Filter>
    </ClCompile>
    <ClCompile Include="src\xtra2.c">
      <Filter>Source Files</Filter>
    </ClCompile>
    <ClCompile Include="src\yellow_mage.c">
      <Filter>Source Files</Filter>
    </ClCompile>
    <ClCompile Include="src\yeqrezh.c">
      <Filter>Source Files</Filter>
    </ClCompile>
    <ClCompile Include="src\z-doc.c">
      <Filter>Source Files</Filter>
    </ClCompile>
    <ClCompile Include="src\z-doc-test.c">
      <Filter>Source Files</Filter>
    </ClCompile>
    <ClCompile Include="src\z-form.c">
      <Filter>Source Files</Filter>
    </ClCompile>
    <ClCompile Include="src\z-rand.c">
      <Filter>Source Files</Filter>
    </ClCompile>
    <ClCompile Include="src\z-term.c">
      <Filter>Source Files</Filter>
    </ClCompile>
    <ClCompile Include="src\z-util.c">
      <Filter>Source Files</Filter>
    </ClCompile>
    <ClCompile Include="src\z-virt.c">
      <Filter>Source Files</Filter>
    </ClCompile>
    <ClCompile Include="src\chaos_patron.c">
      <Filter>Source Files</Filter>
    </ClCompile>
    <ClCompile Include="src\bluemage.c">
      <Filter>Source Files</Filter>
    </ClCompile>
    <ClCompile Include="src\ragemage.c">
      <Filter>Source Files</Filter>
    </ClCompile>
    <ClCompile Include="src\igor.c">
      <Filter>Source Files</Filter>
    </ClCompile>
    <ClCompile Include="src\timelord.c">
      <Filter>Source Files</Filter>
    </ClCompile>
    <ClCompile Include="src\imitator.c">
      <Filter>Source Files</Filter>
    </ClCompile>
  </ItemGroup>
  <ItemGroup>
    <Image Include="src\angband.ico">
      <Filter>Resource Files</Filter>
    </Image>
    <Image Include="src\wall.bmp">
      <Filter>Resource Files</Filter>
    </Image>
  </ItemGroup>
</Project>