<?xml version="1.0"?>
<!DOCTYPE Code::Blocks_project_file>
<Code::Blocks_project_file>
	<Project>
		<Option title="Borg"/>
		<Option makefile="Makefile"/>
		<Option makefile_is_custom="0"/>
		<Option compiler="0"/>
		<Build>
			<Target title="default">
				<Option output="borg.dll"/>
				<Option object_output="build.cb"/>
				<Option deps_output="build.cb\deps"/>
				<Option external_deps=""/>
				<Option type="3"/>
				<Option compiler="0"/>
			</Target>
		</Build>
		<Compiler>
			<Add option="-g"/>
			<Add option="-DPLATFORM_WIN"/>
			<Add option="-DANGBANDTK"/>
			<Add option="-DBORG_BUILD"/>
			<Add option="-DBORG_TK"/>
			<Add option="-DALLOW_BORG"/>
		</Compiler>
		<Linker>
			<Add option="--no-export-all-symbols --add-stdcall-alias"/>
			<Add option="..\..\Build.cb\angband.dll"/>
		</Linker>
		<IncludeDirs>
			<Add option="..\..\..\..\..\dbwin\lib"/>
			<Add option="..\..\src"/>
			<Add option="..\..\..\..\src\common"/>
			<Add option="..\..\..\..\src\common-dll"/>
			<Add option="..\..\..\..\..\tcl8.4.9\generic"/>
			<Add option="..\..\..\..\..\tcl8.4.9\win"/>
			<Add option="..\..\..\..\..\tk8.4.9\generic"/>
			<Add option="..\..\..\..\..\tk8.4.9\win"/>
		</IncludeDirs>
		<Unit filename="src\borg1.c">
			<Option compilerVar="CC"/>
			<Option target="default"/>
		</Unit>
		<Unit filename="src\borg1.h">
			<Option compilerVar=""/>
			<Option compile="0"/>
			<Option link="0"/>
			<Option target="default"/>
		</Unit>
		<Unit filename="src\borg2.c">
			<Option compilerVar="CC"/>
			<Option target="default"/>
		</Unit>
		<Unit filename="src\borg2.h">
			<Option compilerVar=""/>
			<Option compile="0"/>
			<Option link="0"/>
			<Option target="default"/>
		</Unit>
		<Unit filename="src\borg3.c">
			<Option compilerVar="CC"/>
			<Option target="default"/>
		</Unit>
		<Unit filename="src\borg3.h">
			<Option compilerVar=""/>
			<Option compile="0"/>
			<Option link="0"/>
			<Option target="default"/>
		</Unit>
		<Unit filename="src\borg4.c">
			<Option compilerVar="CC"/>
			<Option target="default"/>
		</Unit>
		<Unit filename="src\borg4.h">
			<Option compilerVar=""/>
			<Option compile="0"/>
			<Option link="0"/>
			<Option target="default"/>
		</Unit>
		<Unit filename="src\borg5.c">
			<Option compilerVar="CC"/>
			<Option target="default"/>
		</Unit>
		<Unit filename="src\borg5.h">
			<Option compilerVar=""/>
			<Option compile="0"/>
			<Option link="0"/>
			<Option target="default"/>
		</Unit>
		<Unit filename="src\borg6.c">
			<Option compilerVar="CC"/>
			<Option target="default"/>
		</Unit>
		<Unit filename="src\borg6.h">
			<Option compilerVar=""/>
			<Option compile="0"/>
			<Option link="0"/>
			<Option target="default"/>
		</Unit>
		<Unit filename="src\borg7.c">
			<Option compilerVar="CC"/>
			<Option target="default"/>
		</Unit>
		<Unit filename="src\borg7.h">
			<Option compilerVar=""/>
			<Option compile="0"/>
			<Option link="0"/>
			<Option target="default"/>
		</Unit>
		<Unit filename="src\borg8.c">
			<Option compilerVar="CC"/>
			<Option target="default"/>
		</Unit>
		<Unit filename="src\borg8.h">
			<Option compilerVar=""/>
			<Option compile="0"/>
			<Option link="0"/>
			<Option target="default"/>
		</Unit>
		<Unit filename="src\borg9.c">
			<Option compilerVar="CC"/>
			<Option target="default"/>
		</Unit>
		<Unit filename="src\borg9.h">
			<Option compilerVar=""/>
			<Option compile="0"/>
			<Option link="0"/>
			<Option target="default"/>
		</Unit>
	</Project>
</Code::Blocks_project_file>
