
Microsoft Visual Studio Solution File, Format Version 11.00
# Visual C++ Express 2010
Project("{8BC9CEB8-8B4A-11D0-8D11-00A0C91BC942}") = "Poschengband", "Poschengband.vcxproj", "{25E06525-D0B9-0F95-1B7F-59A2C1B4783F}"
EndProject
Global
	GlobalSection(SolutionConfigurationPlatforms) = preSolution
		Debug|Win32 = Debug|Win32
		Release|Win32 = Release|Win32
	EndGlobalSection
	GlobalSection(ProjectConfigurationPlatforms) = postSolution
		{25E06525-D0B9-0F95-1B7F-59A2C1B4783F}.Debug|Win32.ActiveCfg = Debug|Win32
		{25E06525-D0B9-0F95-1B7F-59A2C1B4783F}.Debug|Win32.Build.0 = Debug|Win32
		{25E06525-D0B9-0F95-1B7F-59A2C1B4783F}.Release|Win32.ActiveCfg = Release|Win32
		{25E06525-D0B9-0F95-1B7F-59A2C1B4783F}.Release|Win32.Build.0 = Release|Win32
	EndGlobalSection
	GlobalSection(SolutionProperties) = preSolution
		HideSolutionNode = FALSE
	EndGlobalSection
EndGlobal
