<?xml version="1.0" encoding="utf-8"?>
<Project ToolsVersion="4.0" xmlns="http://schemas.microsoft.com/developer/msbuild/2003">
  <ItemGroup>
    <Filter Include="Source Files">
      <UniqueIdentifier>{4FC737F1-C7A5-4376-A066-2A32D752A2FF}</UniqueIdentifier>
      <Extensions>cpp;c;cc;cxx;def;odl;idl;hpj;bat;asm;asmx</Extensions>
    </Filter>
    <Filter Include="Header Files">
      <UniqueIdentifier>{93995380-89BD-4b04-88EB-625FBE52EBFB}</UniqueIdentifier>
      <Extensions>h;hpp;hxx;hm;inl;inc;xsd</Extensions>
    </Filter>
    <Filter Include="Utilities">
      <UniqueIdentifier>{19308e86-aa91-4cf9-ae1f-82c804b4947d}</UniqueIdentifier>
    </Filter>
    <Filter Include="Edit">
      <UniqueIdentifier>{6ba343ec-d3e1-4207-8723-bae7326e4c7f}</UniqueIdentifier>
    </Filter>
    <Filter Include="Edit\Towns">
      <UniqueIdentifier>{0629a7f3-0266-4381-b8bb-fd470228a35b}</UniqueIdentifier>
    </Filter>
    <Filter Include="Edit\Quests">
      <UniqueIdentifier>{5d152b1a-06a9-4284-8f05-736ad4f75989}</UniqueIdentifier>
    </Filter>
    <Filter Include="Edit\Stuff">
      <UniqueIdentifier>{efe867ac-761f-4d45-b6f5-7c8e4e99039a}</UniqueIdentifier>
    </Filter>
    <Filter Include="Edit\Other Makefiles">
      <UniqueIdentifier>{2955d3f9-db5f-4c1e-b59c-7a10a6e44cf0}</UniqueIdentifier>
    </Filter>
    <Filter Include="Edit\Preferences">
      <UniqueIdentifier>{0601320d-1c06-4eb3-90fb-df8c0ccff565}</UniqueIdentifier>
    </Filter>
    <Filter Include="Header Files\Resource Files">
      <UniqueIdentifier>{67DA6AB6-F800-4c08-8B7A-83BB121AAD01}</UniqueIdentifier>
      <Extensions>rc;ico;cur;bmp;dlg;rc2;rct;bin;rgs;gif;jpg;jpeg;jpe;resx;tiff;tif;png;wav</Extensions>
    </Filter>
    <Filter Include="Effects">
      <UniqueIdentifier>{b0564450-a56a-4861-bc21-c714f93bdb90}</UniqueIdentifier>
    </Filter>
    <Filter Include="Effects\Fear">
      <UniqueIdentifier>{f78a9cb7-ba45-4e09-ad31-ba50889dae18}</UniqueIdentifier>
    </Filter>
    <Filter Include="Objects">
      <UniqueIdentifier>{2fd50a79-a6a8-44fd-8985-dcea8db5327d}</UniqueIdentifier>
    </Filter>
    <Filter Include="Monsters">
      <UniqueIdentifier>{6a39acaf-2eeb-405d-9876-1ef0f12a99d5}</UniqueIdentifier>
    </Filter>
    <Filter Include="Player">
      <UniqueIdentifier>{0865a1c5-be13-4484-a60e-a14bc6e7835b}</UniqueIdentifier>
    </Filter>
    <Filter Include="Player\Races">
      <UniqueIdentifier>{1fb26358-84e5-4ff7-b510-11ae3026c10f}</UniqueIdentifier>
    </Filter>
    <Filter Include="Player\Classes">
      <UniqueIdentifier>{4fd55de5-5e67-40b3-af1e-5965804963e5}</UniqueIdentifier>
    </Filter>
    <Filter Include="Player\Spells">
      <UniqueIdentifier>{b835b5ee-a944-43e5-8add-1246d18d1c13}</UniqueIdentifier>
    </Filter>
    <Filter Include="Dungeon">
      <UniqueIdentifier>{74448458-50bf-46cd-a06c-25db09f07015}</UniqueIdentifier>
    </Filter>
    <Filter Include="Player\Commands">
      <UniqueIdentifier>{10388d8a-9d28-4832-864b-0f9b5b13c87b}</UniqueIdentifier>
    </Filter>
    <Filter Include="Edit\Help">
      <UniqueIdentifier>{39239c70-a017-45e0-abb0-279fad849541}</UniqueIdentifier>
    </Filter>
    <Filter Include="Player\Classes\Angband">
      <UniqueIdentifier>{6b4f8a9f-e18a-4d3e-ad4c-1d62ff0c7025}</UniqueIdentifier>
    </Filter>
    <Filter Include="Player\Classes\Zangband">
      <UniqueIdentifier>{d2d30bd7-e084-4bb6-adaf-2a0ac9e8cad4}</UniqueIdentifier>
    </Filter>
    <Filter Include="Player\Classes\Hengband">
      <UniqueIdentifier>{225ba144-b5f0-4078-93bc-3caeb5ad0d26}</UniqueIdentifier>
    </Filter>
    <Filter Include="Player\Classes\Chengband">
      <UniqueIdentifier>{3c0b00d5-afe9-46fa-af8b-3326a779e158}</UniqueIdentifier>
    </Filter>
    <Filter Include="Effects\Resist">
      <UniqueIdentifier>{b16fbbf1-7108-4d1e-8f1b-a8206fb0b0c7}</UniqueIdentifier>
    </Filter>
    <Filter Include="Edit\Files">
      <UniqueIdentifier>{d1fb755d-22b3-4e8c-a903-041d481c26b0}</UniqueIdentifier>
    </Filter>
    <Filter Include="Player\Classes\PosChengband">
      <UniqueIdentifier>{48def73f-7cce-4e26-8e5b-d71a44ee4f41}</UniqueIdentifier>
    </Filter>
  </ItemGroup>
  <ItemGroup>
    <ClCompile Include="files.c">
      <Filter>Source Files</Filter>
    </ClCompile>
    <ClCompile Include="init1.c">
      <Filter>Source Files</Filter>
    </ClCompile>
    <ClCompile Include="init2.c">
      <Filter>Source Files</Filter>
    </ClCompile>
    <ClCompile Include="load.c">
      <Filter>Source Files</Filter>
    </ClCompile>
    <ClCompile Include="main-win.c">
      <Filter>Source Files</Filter>
    </ClCompile>
    <ClCompile Include="readdib.c">
      <Filter>Source Files</Filter>
    </ClCompile>
    <ClCompile Include="save.c">
      <Filter>Source Files</Filter>
    </ClCompile>
    <ClCompile Include="scores.c">
      <Filter>Source Files</Filter>
    </ClCompile>
    <ClCompile Include="store.c">
      <Filter>Source Files</Filter>
    </ClCompile>
    <ClCompile Include="tables.c">
      <Filter>Source Files</Filter>
    </ClCompile>
    <ClCompile Include="util.c">
      <Filter>Source Files</Filter>
    </ClCompile>
    <ClCompile Include="variable.c">
      <Filter>Source Files</Filter>
    </ClCompile>
    <ClCompile Include="wizard1.c">
      <Filter>Source Files</Filter>
    </ClCompile>
    <ClCompile Include="wizard2.c">
      <Filter>Source Files</Filter>
    </ClCompile>
    <ClCompile Include="xtra1.c">
      <Filter>Source Files</Filter>
    </ClCompile>
    <ClCompile Include="xtra2.c">
      <Filter>Source Files</Filter>
    </ClCompile>
    <ClCompile Include="classes.c">
      <Filter>Player\Classes</Filter>
    </ClCompile>
    <ClCompile Include="spells.c">
      <Filter>Player\Spells</Filter>
    </ClCompile>
    <ClCompile Include="mut.c">
      <Filter>Player\Spells</Filter>
    </ClCompile>
    <ClCompile Include="mut_a.c">
      <Filter>Player\Spells</Filter>
    </ClCompile>
    <ClCompile Include="spells_a.c">
      <Filter>Player\Spells</Filter>
    </ClCompile>
    <ClCompile Include="races.c">
      <Filter>Player\Races</Filter>
    </ClCompile>
    <ClCompile Include="wild_realm.c">
      <Filter>Player\Spells</Filter>
    </ClCompile>
    <ClCompile Include="spells_m.c">
      <Filter>Player\Spells</Filter>
    </ClCompile>
    <ClCompile Include="spells_c.c">
      <Filter>Player\Spells</Filter>
    </ClCompile>
    <ClCompile Include="spells_h.c">
      <Filter>Player\Spells</Filter>
    </ClCompile>
    <ClCompile Include="spells_s.c">
      <Filter>Player\Spells</Filter>
    </ClCompile>
    <ClCompile Include="variant.c">
      <Filter>Utilities</Filter>
    </ClCompile>
    <ClCompile Include="races_a.c">
      <Filter>Player\Races</Filter>
    </ClCompile>
    <ClCompile Include="demigod.c">
      <Filter>Player\Races</Filter>
    </ClCompile>
    <ClCompile Include="races_k.c">
      <Filter>Player\Races</Filter>
    </ClCompile>
    <ClCompile Include="doppelganger.c">
      <Filter>Player\Races</Filter>
    </ClCompile>
    <ClCompile Include="fear.c">
      <Filter>Effects\Fear</Filter>
    </ClCompile>
    <ClCompile Include="spoilers.c">
      <Filter>Source Files</Filter>
    </ClCompile>
    <ClCompile Include="races_mimic.c">
      <Filter>Player\Races</Filter>
    </ClCompile>
    <ClCompile Include="angband.c">
      <Filter>Source Files</Filter>
    </ClCompile>
    <ClCompile Include="effects.c">
      <Filter>Effects</Filter>
    </ClCompile>
    <ClCompile Include="ego.c">
      <Filter>Objects</Filter>
    </ClCompile>
    <ClCompile Include="obj_kind.c">
      <Filter>Objects</Filter>
    </ClCompile>
    <ClCompile Include="object1.c">
      <Filter>Objects</Filter>
    </ClCompile>
    <ClCompile Include="object2.c">
      <Filter>Objects</Filter>
    </ClCompile>
    <ClCompile Include="object3.c">
      <Filter>Objects</Filter>
    </ClCompile>
    <ClCompile Include="artifact.c">
      <Filter>Objects</Filter>
    </ClCompile>
    <ClCompile Include="autopick.c">
      <Filter>Objects</Filter>
    </ClCompile>
    <ClCompile Include="flavor.c">
      <Filter>Objects</Filter>
    </ClCompile>
    <ClCompile Include="z-form.c">
      <Filter>Utilities</Filter>
    </ClCompile>
    <ClCompile Include="z-rand.c">
      <Filter>Utilities</Filter>
    </ClCompile>
    <ClCompile Include="z-term.c">
      <Filter>Utilities</Filter>
    </ClCompile>
    <ClCompile Include="z-util.c">
      <Filter>Utilities</Filter>
    </ClCompile>
    <ClCompile Include="z-virt.c">
      <Filter>Utilities</Filter>
    </ClCompile>
    <ClCompile Include="spells1.c">
      <Filter>Player\Spells</Filter>
    </ClCompile>
    <ClCompile Include="spells2.c">
      <Filter>Player\Spells</Filter>
    </ClCompile>
    <ClCompile Include="spells3.c">
      <Filter>Player\Spells</Filter>
    </ClCompile>
    <ClCompile Include="do-spell.c">
      <Filter>Player\Spells</Filter>
    </ClCompile>
    <ClCompile Include="melee1.c">
      <Filter>Monsters</Filter>
    </ClCompile>
    <ClCompile Include="melee2.c">
      <Filter>Monsters</Filter>
    </ClCompile>
    <ClCompile Include="mspells1.c">
      <Filter>Monsters</Filter>
    </ClCompile>
    <ClCompile Include="mspells2.c">
      <Filter>Monsters</Filter>
    </ClCompile>
    <ClCompile Include="mspells3.c">
      <Filter>Monsters</Filter>
    </ClCompile>
    <ClCompile Include="mon_display.c">
      <Filter>Monsters</Filter>
    </ClCompile>
    <ClCompile Include="monster1.c">
      <Filter>Monsters</Filter>
    </ClCompile>
    <ClCompile Include="monster2.c">
      <Filter>Monsters</Filter>
    </ClCompile>
    <ClCompile Include="dungeon.c">
      <Filter>Dungeon</Filter>
    </ClCompile>
    <ClCompile Include="floors.c">
      <Filter>Dungeon</Filter>
    </ClCompile>
    <ClCompile Include="generate.c">
      <Filter>Dungeon</Filter>
    </ClCompile>
    <ClCompile Include="grid.c">
      <Filter>Dungeon</Filter>
    </ClCompile>
    <ClCompile Include="rooms.c">
      <Filter>Dungeon</Filter>
    </ClCompile>
    <ClCompile Include="wild.c">
      <Filter>Dungeon</Filter>
    </ClCompile>
    <ClCompile Include="hex.c">
      <Filter>Player\Spells</Filter>
    </ClCompile>
    <ClCompile Include="cmd1.c">
      <Filter>Player\Commands</Filter>
    </ClCompile>
    <ClCompile Include="cmd2.c">
      <Filter>Player\Commands</Filter>
    </ClCompile>
    <ClCompile Include="cmd3.c">
      <Filter>Player\Commands</Filter>
    </ClCompile>
    <ClCompile Include="cmd4.c">
      <Filter>Player\Commands</Filter>
    </ClCompile>
    <ClCompile Include="cmd5.c">
      <Filter>Player\Commands</Filter>
    </ClCompile>
    <ClCompile Include="cmd6.c">
      <Filter>Player\Commands</Filter>
    </ClCompile>
    <ClCompile Include="birth.c">
      <Filter>Player</Filter>
    </ClCompile>
    <ClCompile Include="cave.c">
      <Filter>Dungeon</Filter>
    </ClCompile>
    <ClCompile Include="hissatsu.c">
      <Filter>Player\Spells</Filter>
    </ClCompile>
    <ClCompile Include="racial.c">
      <Filter>Player\Races</Filter>
    </ClCompile>
    <ClCompile Include="streams.c">
      <Filter>Dungeon</Filter>
    </ClCompile>
    <ClCompile Include="str-map.c">
      <Filter>Utilities</Filter>
    </ClCompile>
    <ClCompile Include="int-map.c">
      <Filter>Utilities</Filter>
    </ClCompile>
    <ClCompile Include="bldg.c">
      <Filter>Source Files</Filter>
    </ClCompile>
    <ClCompile Include="archaeologist.c">
      <Filter>Player\Classes\Chengband</Filter>
    </ClCompile>
    <ClCompile Include="archer.c">
      <Filter>Player\Classes\Hengband</Filter>
    </ClCompile>
    <ClCompile Include="bard.c">
      <Filter>Player\Classes\Hengband</Filter>
    </ClCompile>
    <ClCompile Include="blood_knight.c">
      <Filter>Player\Classes\Chengband</Filter>
    </ClCompile>
    <ClCompile Include="blood_mage.c">
      <Filter>Player\Classes\Chengband</Filter>
    </ClCompile>
    <ClCompile Include="blue_mage.c">
      <Filter>Player\Classes\Hengband</Filter>
    </ClCompile>
    <ClCompile Include="cavalry.c">
      <Filter>Player\Classes\Hengband</Filter>
    </ClCompile>
    <ClCompile Include="duelist.c">
      <Filter>Player\Classes\Chengband</Filter>
    </ClCompile>
    <ClCompile Include="wild_talent.c">
      <Filter>Player\Classes\Chengband</Filter>
    </ClCompile>
    <ClCompile Include="weaponmaster.c">
      <Filter>Player\Classes\Chengband</Filter>
    </ClCompile>
    <ClCompile Include="warlock.c">
      <Filter>Player\Classes\Chengband</Filter>
    </ClCompile>
    <ClCompile Include="time_lord.c">
      <Filter>Player\Classes\Chengband</Filter>
    </ClCompile>
    <ClCompile Include="scout.c">
      <Filter>Player\Classes\Chengband</Filter>
    </ClCompile>
    <ClCompile Include="samurai.c">
      <Filter>Player\Classes\Hengband</Filter>
    </ClCompile>
    <ClCompile Include="rune_knight.c">
      <Filter>Player\Classes\Chengband</Filter>
    </ClCompile>
    <ClCompile Include="rage-mage.c">
      <Filter>Player\Classes\Chengband</Filter>
    </ClCompile>
    <ClCompile Include="psion.c">
      <Filter>Player\Classes\Chengband</Filter>
    </ClCompile>
    <ClCompile Include="ninja.c">
      <Filter>Player\Classes\Hengband</Filter>
    </ClCompile>
    <ClCompile Include="necromancer.c">
      <Filter>Player\Classes\Chengband</Filter>
    </ClCompile>
    <ClCompile Include="monk.c">
      <Filter>Player\Classes\Zangband</Filter>
    </ClCompile>
    <ClCompile Include="mindcrafter.c">
      <Filter>Player\Classes\Zangband</Filter>
    </ClCompile>
    <ClCompile Include="mauler.c">
      <Filter>Player\Classes\Chengband</Filter>
    </ClCompile>
    <ClCompile Include="magic_eater.c">
      <Filter>Player\Classes\Hengband</Filter>
    </ClCompile>
    <ClCompile Include="force_trainer.c">
      <Filter>Player\Classes\Hengband</Filter>
    </ClCompile>
    <ClCompile Include="resist.c">
      <Filter>Effects\Resist</Filter>
    </ClCompile>
    <ClCompile Include="devices.c">
      <Filter>Objects</Filter>
    </ClCompile>
    <ClCompile Include="warrior.c">
      <Filter>Player\Classes\Angband</Filter>
    </ClCompile>
    <ClCompile Include="mage.c">
      <Filter>Player\Classes\Angband</Filter>
    </ClCompile>
    <ClCompile Include="priest.c">
      <Filter>Player\Classes\Angband</Filter>
    </ClCompile>
    <ClCompile Include="rogue.c">
      <Filter>Player\Classes\Angband</Filter>
    </ClCompile>
    <ClCompile Include="ranger.c">
      <Filter>Player\Classes\Angband</Filter>
    </ClCompile>
    <ClCompile Include="paladin.c">
      <Filter>Player\Classes\Angband</Filter>
    </ClCompile>
    <ClCompile Include="warrior_mage.c">
      <Filter>Player\Classes\Zangband</Filter>
    </ClCompile>
    <ClCompile Include="chaos_warrior.c">
      <Filter>Player\Classes\Zangband</Filter>
    </ClCompile>
    <ClCompile Include="high_mage.c">
      <Filter>Player\Classes\Zangband</Filter>
    </ClCompile>
    <ClCompile Include="imitator.c">
      <Filter>Player\Classes\Hengband</Filter>
    </ClCompile>
    <ClCompile Include="tourist.c">
      <Filter>Player\Classes\Hengband</Filter>
    </ClCompile>
    <ClCompile Include="beastmaster.c">
      <Filter>Player\Classes\Hengband</Filter>
    </ClCompile>
    <ClCompile Include="sorcerer.c">
      <Filter>Player\Classes\Hengband</Filter>
    </ClCompile>
    <ClCompile Include="sniper.c">
      <Filter>Player\Classes\Hengband</Filter>
    </ClCompile>
    <ClCompile Include="red_mage.c">
      <Filter>Player\Classes\Hengband</Filter>
    </ClCompile>
    <ClCompile Include="berserker.c">
      <Filter>Player\Classes\Hengband</Filter>
    </ClCompile>
    <ClCompile Include="weaponsmith.c">
      <Filter>Player\Classes\Hengband</Filter>
    </ClCompile>
    <ClCompile Include="mirror_master.c">
      <Filter>Player\Classes\Hengband</Filter>
    </ClCompile>
    <ClCompile Include="equip.c">
      <Filter>Objects</Filter>
    </ClCompile>
    <ClCompile Include="menu.c">
      <Filter>Utilities</Filter>
    </ClCompile>
    <ClCompile Include="race_jelly.c">
      <Filter>Player\Races</Filter>
    </ClCompile>
    <ClCompile Include="race_spider.c">
      <Filter>Player\Races</Filter>
    </ClCompile>
    <ClCompile Include="race_dragon.c">
      <Filter>Player\Races</Filter>
    </ClCompile>
    <ClCompile Include="race_lich.c">
      <Filter>Player\Races</Filter>
    </ClCompile>
    <ClCompile Include="race_xorn.c">
      <Filter>Player\Races</Filter>
    </ClCompile>
    <ClCompile Include="combat.c">
      <Filter>Player</Filter>
    </ClCompile>
    <ClCompile Include="race_angel.c">
      <Filter>Player\Races</Filter>
    </ClCompile>
    <ClCompile Include="race_demon.c">
      <Filter>Player\Races</Filter>
    </ClCompile>
    <ClCompile Include="race_hound.c">
      <Filter>Player\Races</Filter>
    </ClCompile>
    <ClCompile Include="race_giant.c">
      <Filter>Player\Races</Filter>
    </ClCompile>
    <ClCompile Include="race_beholder.c">
      <Filter>Player\Races</Filter>
    </ClCompile>
    <ClCompile Include="savefile.c">
      <Filter>Source Files</Filter>
    </ClCompile>
    <ClCompile Include="monster.c">
      <Filter>Player\Classes\PosChengband</Filter>
    </ClCompile>
    <ClCompile Include="mystic.c">
      <Filter>Player\Classes\PosChengband</Filter>
    </ClCompile>
    <ClCompile Include="race_hydra.c">
      <Filter>Player\Races</Filter>
    </ClCompile>
    <ClCompile Include="race_leprechaun.c">
      <Filter>Player\Races</Filter>
    </ClCompile>
    <ClCompile Include="race_troll.c">
      <Filter>Player\Races</Filter>
    </ClCompile>
    <ClCompile Include="devicemaster.c">
      <Filter>Player\Classes\PosChengband</Filter>
    </ClCompile>
    <ClCompile Include="virtue.c">
      <Filter>Player</Filter>
    </ClCompile>
    <ClCompile Include="race_elemental.c">
      <Filter>Player\Races</Filter>
    </ClCompile>
    <ClCompile Include="race_sword.c">
      <Filter>Player\Races</Filter>
    </ClCompile>
    <ClCompile Include="race_golem.c">
      <Filter>Player\Races</Filter>
    </ClCompile>
    <ClCompile Include="race_quylthulg.c">
      <Filter>Player\Races</Filter>
    </ClCompile>
    <ClCompile Include="race_possessor.c">
      <Filter>Player\Races</Filter>
    </ClCompile>
    <ClCompile Include="skills.c">
      <Filter>Player</Filter>
    </ClCompile>
    <ClCompile Include="race_ghost.c">
      <Filter>Player\Races</Filter>
    </ClCompile>
    <ClCompile Include="race_vampire.c">
      <Filter>Player\Races</Filter>
    </ClCompile>
    <ClCompile Include="race_zombie.c">
      <Filter>Player\Races</Filter>
    </ClCompile>
    <ClCompile Include="race_ring.c">
      <Filter>Player\Races</Filter>
    </ClCompile>
    <ClCompile Include="race_mimic.c">
      <Filter>Player\Races</Filter>
    </ClCompile>
    <ClCompile Include="race_centipede.c">
      <Filter>Player\Races</Filter>
    </ClCompile>
    <ClCompile Include="c-string.c">
      <Filter>Utilities</Filter>
    </ClCompile>
    <ClCompile Include="z-doc.c">
      <Filter>Utilities</Filter>
    </ClCompile>
    <ClCompile Include="c-vec.c">
      <Filter>Source Files</Filter>
    </ClCompile>
    <ClCompile Include="message.c">
      <Filter>Source Files</Filter>
    </ClCompile>
    <ClCompile Include="rect.c">
      <Filter>Source Files</Filter>
    </ClCompile>
    <ClCompile Include="obj_display.c">
      <Filter>Objects</Filter>
    </ClCompile>
    <ClCompile Include="personality.c">
      <Filter>Player</Filter>
    </ClCompile>
    <ClCompile Include="py_display.c">
      <Filter>Player</Filter>
    </ClCompile>
  </ItemGroup>
  <ItemGroup>
    <ClInclude Include="angband.h">
      <Filter>Header Files</Filter>
    </ClInclude>
    <ClInclude Include="defines.h">
      <Filter>Header Files</Filter>
    </ClInclude>
    <ClInclude Include="externs.h">
      <Filter>Header Files</Filter>
    </ClInclude>
    <ClInclude Include="h-basic.h">
      <Filter>Header Files</Filter>
    </ClInclude>
    <ClInclude Include="h-config.h">
      <Filter>Header Files</Filter>
    </ClInclude>
    <ClInclude Include="h-define.h">
      <Filter>Header Files</Filter>
    </ClInclude>
    <ClInclude Include="h-system.h">
      <Filter>Header Files</Filter>
    </ClInclude>
    <ClInclude Include="h-type.h">
      <Filter>Header Files</Filter>
    </ClInclude>
    <ClInclude Include="init.h">
      <Filter>Header Files</Filter>
    </ClInclude>
    <ClInclude Include="kajitips.h">
      <Filter>Header Files</Filter>
    </ClInclude>
    <ClInclude Include="readdib.h">
      <Filter>Header Files</Filter>
    </ClInclude>
    <ClInclude Include="types.h">
      <Filter>Header Files</Filter>
    </ClInclude>
    <ClInclude Include="spells.h">
      <Filter>Player\Spells</Filter>
    </ClInclude>
    <ClInclude Include="mut.h">
      <Filter>Player\Spells</Filter>
    </ClInclude>
    <ClInclude Include="variant.h">
      <Filter>Utilities</Filter>
    </ClInclude>
    <ClInclude Include="fear.h">
      <Filter>Effects\Fear</Filter>
    </ClInclude>
    <ClInclude Include="z-config.h">
      <Filter>Utilities</Filter>
    </ClInclude>
    <ClInclude Include="z-form.h">
      <Filter>Utilities</Filter>
    </ClInclude>
    <ClInclude Include="z-rand.h">
      <Filter>Utilities</Filter>
    </ClInclude>
    <ClInclude Include="z-term.h">
      <Filter>Utilities</Filter>
    </ClInclude>
    <ClInclude Include="z-util.h">
      <Filter>Utilities</Filter>
    </ClInclude>
    <ClInclude Include="z-virt.h">
      <Filter>Utilities</Filter>
    </ClInclude>
    <ClInclude Include="rooms.h">
      <Filter>Dungeon</Filter>
    </ClInclude>
    <ClInclude Include="streams.h">
      <Filter>Dungeon</Filter>
    </ClInclude>
    <ClInclude Include="grid.h">
      <Filter>Dungeon</Filter>
    </ClInclude>
    <ClInclude Include="generate.h">
      <Filter>Dungeon</Filter>
    </ClInclude>
    <ClInclude Include="str-map.h">
      <Filter>Utilities</Filter>
    </ClInclude>
    <ClInclude Include="int-map.h">
      <Filter>Utilities</Filter>
    </ClInclude>
    <ClInclude Include="resist.h">
      <Filter>Effects\Resist</Filter>
    </ClInclude>
    <ClInclude Include="equip.h">
      <Filter>Objects</Filter>
    </ClInclude>
    <ClInclude Include="menu.h">
      <Filter>Utilities</Filter>
    </ClInclude>
    <ClInclude Include="savefile.h">
      <Filter>Source Files</Filter>
    </ClInclude>
    <ClInclude Include="msvc_warnings.h">
      <Filter>Header Files</Filter>
    </ClInclude>
    <ClInclude Include="c-string.h">
      <Filter>Utilities</Filter>
    </ClInclude>
    <ClInclude Include="z-doc.h">
      <Filter>Utilities</Filter>
    </ClInclude>
    <ClInclude Include="c-vec.h">
      <Filter>Header Files</Filter>
    </ClInclude>
    <ClInclude Include="message.h">
      <Filter>Header Files</Filter>
    </ClInclude>
    <ClInclude Include="rect.h">
      <Filter>Header Files</Filter>
    </ClInclude>
  </ItemGroup>
  <ItemGroup>
    <ResourceCompile Include="ang_eng.rc">
      <Filter>Header Files\Resource Files</Filter>
    </ResourceCompile>
  </ItemGroup>
  <ItemGroup>
    <None Include="..\lib\edit\a_info.txt">
      <Filter>Edit\Stuff</Filter>
    </None>
    <None Include="..\lib\edit\d_info.txt">
      <Filter>Edit\Stuff</Filter>
    </None>
    <None Include="..\lib\edit\e_info.txt">
      <Filter>Edit\Stuff</Filter>
    </None>
    <None Include="..\lib\edit\f_info.txt">
      <Filter>Edit\Stuff</Filter>
    </None>
    <None Include="..\lib\edit\k_info.txt">
      <Filter>Edit\Stuff</Filter>
    </None>
    <None Include="..\lib\edit\m_info.txt">
      <Filter>Edit\Stuff</Filter>
    </None>
    <None Include="..\lib\edit\misc.txt">
      <Filter>Edit\Stuff</Filter>
    </None>
    <None Include="..\lib\edit\q0000001.txt">
      <Filter>Edit\Quests</Filter>
    </None>
    <None Include="..\lib\edit\q0000002.txt">
      <Filter>Edit\Quests</Filter>
    </None>
    <None Include="..\lib\edit\q0000003.txt">
      <Filter>Edit\Quests</Filter>
    </None>
    <None Include="..\lib\edit\q0000004.txt">
      <Filter>Edit\Quests</Filter>
    </None>
    <None Include="..\lib\edit\q0000005.txt">
      <Filter>Edit\Quests</Filter>
    </None>
    <None Include="..\lib\edit\q0000006.txt">
      <Filter>Edit\Quests</Filter>
    </None>
    <None Include="..\lib\edit\q0000007.txt">
      <Filter>Edit\Quests</Filter>
    </None>
    <None Include="..\lib\edit\q0000019.txt">
      <Filter>Edit\Quests</Filter>
    </None>
    <None Include="..\lib\edit\q0000020.txt">
      <Filter>Edit\Quests</Filter>
    </None>
    <None Include="..\lib\edit\q0000021.txt">
      <Filter>Edit\Quests</Filter>
    </None>
    <None Include="..\lib\edit\q0000022.txt">
      <Filter>Edit\Quests</Filter>
    </None>
    <None Include="..\lib\edit\q0000023.txt">
      <Filter>Edit\Quests</Filter>
    </None>
    <None Include="..\lib\edit\q0000027.txt">
      <Filter>Edit\Quests</Filter>
    </None>
    <None Include="..\lib\edit\q0000028.txt">
      <Filter>Edit\Quests</Filter>
    </None>
    <None Include="..\lib\edit\q00000ms.txt">
      <Filter>Edit\Quests</Filter>
    </None>
    <None Include="..\lib\edit\q000chao.txt">
      <Filter>Edit\Quests</Filter>
    </None>
    <None Include="..\lib\edit\q000dekn.txt">
      <Filter>Edit\Quests</Filter>
    </None>
    <None Include="..\lib\edit\q000eric.txt">
      <Filter>Edit\Quests</Filter>
    </None>
    <None Include="..\lib\edit\q000lyeh.txt">
      <Filter>Edit\Quests</Filter>
    </None>
    <None Include="..\lib\edit\q000natu.txt">
      <Filter>Edit\Quests</Filter>
    </None>
    <None Include="..\lib\edit\q000sorc.txt">
      <Filter>Edit\Quests</Filter>
    </None>
    <None Include="..\lib\edit\q0clone0.txt">
      <Filter>Edit\Quests</Filter>
    </None>
    <None Include="..\lib\edit\q0fields.txt">
      <Filter>Edit\Quests</Filter>
    </None>
    <None Include="..\lib\edit\q0thief1.txt">
      <Filter>Edit\Quests</Filter>
    </None>
    <None Include="..\lib\edit\q0thief2.txt">
      <Filter>Edit\Quests</Filter>
    </None>
    <None Include="..\lib\edit\q0willow.txt">
      <Filter>Edit\Quests</Filter>
    </None>
    <None Include="..\lib\edit\q_info.txt">
      <Filter>Edit\Quests</Filter>
    </None>
    <None Include="..\lib\edit\q_oberon.txt">
      <Filter>Edit\Quests</Filter>
    </None>
    <None Include="..\lib\edit\q_pref.txt">
      <Filter>Edit\Quests</Filter>
    </None>
    <None Include="..\lib\edit\q_random.txt">
      <Filter>Edit\Quests</Filter>
    </None>
    <None Include="..\lib\edit\q_serpen.txt">
      <Filter>Edit\Quests</Filter>
    </None>
    <None Include="..\lib\edit\q_warg.txt">
      <Filter>Edit\Quests</Filter>
    </None>
    <None Include="..\lib\edit\qdarkelf.txt">
      <Filter>Edit\Quests</Filter>
    </None>
    <None Include="..\lib\edit\qhaunted.txt">
      <Filter>Edit\Quests</Filter>
    </None>
    <None Include="..\lib\edit\qsmaug.txt">
      <Filter>Edit\Quests</Filter>
    </None>
    <None Include="..\lib\edit\r_info.txt">
      <Filter>Edit\Stuff</Filter>
    </None>
    <None Include="..\lib\edit\s_info.txt">
      <Filter>Edit\Stuff</Filter>
    </None>
    <None Include="..\lib\edit\t0000001.txt">
      <Filter>Edit\Towns</Filter>
    </None>
    <None Include="..\lib\edit\t0000002.txt">
      <Filter>Edit\Towns</Filter>
    </None>
    <None Include="..\lib\edit\t0000003.txt">
      <Filter>Edit\Towns</Filter>
    </None>
    <None Include="..\lib\edit\t0000004.txt">
      <Filter>Edit\Towns</Filter>
    </None>
    <None Include="..\lib\edit\t0000005.txt">
      <Filter>Edit\Towns</Filter>
    </None>
    <None Include="..\lib\edit\t0000006.txt">
      <Filter>Edit\Towns</Filter>
    </None>
    <None Include="..\lib\edit\t_basic.txt">
      <Filter>Edit\Towns</Filter>
    </None>
    <None Include="..\lib\edit\t_info.txt">
      <Filter>Edit\Towns</Filter>
    </None>
    <None Include="..\lib\edit\t_lite.txt">
      <Filter>Edit\Towns</Filter>
    </None>
    <None Include="..\lib\edit\t_pref.txt">
      <Filter>Edit\Towns</Filter>
    </None>
    <None Include="..\lib\edit\v_info.txt">
      <Filter>Edit\Stuff</Filter>
    </None>
    <None Include="..\lib\edit\w_info.txt">
      <Filter>Edit\Stuff</Filter>
    </None>
    <None Include="..\lib\file\news.txt">
      <Filter>Edit</Filter>
    </None>
    <None Include="..\lib\pref\xtra-new.prf">
      <Filter>Edit\Preferences</Filter>
    </None>
    <None Include="..\lib\pref\xtra-xxx.prf">
      <Filter>Edit\Preferences</Filter>
    </None>
    <None Include="..\lib\pref\colors.prf">
      <Filter>Edit\Preferences</Filter>
    </None>
    <None Include="..\lib\pref\font-ami.prf">
      <Filter>Edit\Preferences</Filter>
    </None>
    <None Include="..\lib\pref\font-dos.prf">
      <Filter>Edit\Preferences</Filter>
    </None>
    <None Include="..\lib\pref\font-ibm.prf">
      <Filter>Edit\Preferences</Filter>
    </None>
    <None Include="..\lib\pref\font-mac.prf">
      <Filter>Edit\Preferences</Filter>
    </None>
    <None Include="..\lib\pref\font-mon.prf">
      <Filter>Edit\Preferences</Filter>
    </None>
    <None Include="..\lib\pref\font-win.prf">
      <Filter>Edit\Preferences</Filter>
    </None>
    <None Include="..\lib\pref\font-x11.prf">
      <Filter>Edit\Preferences</Filter>
    </None>
    <None Include="..\lib\pref\font-xxx.prf">
      <Filter>Edit\Preferences</Filter>
    </None>
    <None Include="..\lib\pref\font.prf">
      <Filter>Edit\Preferences</Filter>
    </None>
    <None Include="..\lib\pref\graf-ami.prf">
      <Filter>Edit\Preferences</Filter>
    </None>
    <None Include="..\lib\pref\graf-dos.prf">
      <Filter>Edit\Preferences</Filter>
    </None>
    <None Include="..\lib\pref\graf-gcu.prf">
      <Filter>Edit\Preferences</Filter>
    </None>
    <None Include="..\lib\pref\graf-ibm.prf">
      <Filter>Edit\Preferences</Filter>
    </None>
    <None Include="..\lib\pref\graf-mac.prf">
      <Filter>Edit\Preferences</Filter>
    </None>
    <None Include="..\lib\pref\graf-new.prf">
      <Filter>Edit\Preferences</Filter>
    </None>
    <None Include="..\lib\pref\graf-win.prf">
      <Filter>Edit\Preferences</Filter>
    </None>
    <None Include="..\lib\pref\graf-x11.prf">
      <Filter>Edit\Preferences</Filter>
    </None>
    <None Include="..\lib\pref\graf-xaw.prf">
      <Filter>Edit\Preferences</Filter>
    </None>
    <None Include="..\lib\pref\graf-xxx.prf">
      <Filter>Edit\Preferences</Filter>
    </None>
    <None Include="..\lib\pref\graf.prf">
      <Filter>Edit\Preferences</Filter>
    </None>
    <None Include="..\lib\pref\pickpref.prf">
      <Filter>Edit\Preferences</Filter>
    </None>
    <None Include="..\lib\pref\picktype.prf">
      <Filter>Edit\Preferences</Filter>
    </None>
    <None Include="..\lib\pref\pref-acn.prf">
      <Filter>Edit\Preferences</Filter>
    </None>
    <None Include="..\lib\pref\pref-ami.prf">
      <Filter>Edit\Preferences</Filter>
    </None>
    <None Include="..\lib\pref\pref-emx.prf">
      <Filter>Edit\Preferences</Filter>
    </None>
    <None Include="..\lib\pref\pref-gcu.prf">
      <Filter>Edit\Preferences</Filter>
    </None>
    <None Include="..\lib\pref\pref-key.prf">
      <Filter>Edit\Preferences</Filter>
    </None>
    <None Include="..\lib\pref\pref-mac.prf">
      <Filter>Edit\Preferences</Filter>
    </None>
    <None Include="..\lib\pref\pref-opt.prf">
      <Filter>Edit\Preferences</Filter>
    </None>
    <None Include="..\lib\pref\pref-win.prf">
      <Filter>Edit\Preferences</Filter>
    </None>
    <None Include="..\lib\pref\pref-x11.prf">
      <Filter>Edit\Preferences</Filter>
    </None>
    <None Include="..\lib\pref\pref.prf">
      <Filter>Edit\Preferences</Filter>
    </None>
    <None Include="..\lib\pref\proxy.prf">
      <Filter>Edit\Preferences</Filter>
    </None>
    <None Include="..\lib\pref\spell-xx.prf">
      <Filter>Edit\Preferences</Filter>
    </None>
    <None Include="..\lib\pref\user-win.prf">
      <Filter>Edit\Preferences</Filter>
    </None>
    <None Include="..\lib\pref\user.prf">
      <Filter>Edit\Preferences</Filter>
    </None>
    <None Include="..\lib\pref\xtra-gcu.prf">
      <Filter>Edit\Preferences</Filter>
    </None>
    <None Include="..\lib\file\monspeak.txt">
      <Filter>Edit\Stuff</Filter>
    </None>
    <None Include="..\lib\help\Races.txt">
      <Filter>Edit\Help</Filter>
    </None>
    <None Include="..\lib\help\Personalities.txt">
      <Filter>Edit\Help</Filter>
    </None>
    <None Include="..\lib\help\Demigods.txt">
      <Filter>Edit\Help</Filter>
    </None>
    <None Include="..\lib\help\Classes.txt">
      <Filter>Edit\Help</Filter>
    </None>
    <None Include="..\lib\help\birth.txt">
      <Filter>Edit\Help</Filter>
    </None>
    <None Include="..\lib\help\version.txt">
      <Filter>Edit\Help</Filter>
    </None>
    <None Include="..\lib\help\town.txt">
      <Filter>Edit\Help</Filter>
    </None>
    <None Include="..\lib\help\tang.txt">
      <Filter>Edit\Help</Filter>
    </None>
    <None Include="..\lib\help\raceclas.txt">
      <Filter>Edit\Help</Filter>
    </None>
    <None Include="..\lib\help\pref.txt">
      <Filter>Edit\Help</Filter>
    </None>
    <None Include="..\lib\help\option.txt">
      <Filter>Edit\Help</Filter>
    </None>
    <None Include="..\lib\help\objects.txt">
      <Filter>Edit\Help</Filter>
    </None>
    <None Include="..\lib\help\monster.txt">
      <Filter>Edit\Help</Filter>
    </None>
    <None Include="..\lib\help\magic.txt">
      <Filter>Edit\Help</Filter>
    </None>
    <None Include="..\lib\help\helpinfo.txt">
      <Filter>Edit\Help</Filter>
    </None>
    <None Include="..\lib\help\general.txt">
      <Filter>Edit\Help</Filter>
    </None>
    <None Include="..\lib\help\gambling.txt">
      <Filter>Edit\Help</Filter>
    </None>
    <None Include="..\lib\help\faq.txt">
      <Filter>Edit\Help</Filter>
    </None>
    <None Include="..\lib\help\editor.txt">
      <Filter>Edit\Help</Filter>
    </None>
    <None Include="..\lib\help\dungeon.txt">
      <Filter>Edit\Help</Filter>
    </None>
    <None Include="..\lib\help\defend.txt">
      <Filter>Edit\Help</Filter>
    </None>
    <None Include="..\lib\help\commdesc.txt">
      <Filter>Edit\Help</Filter>
    </None>
    <None Include="..\lib\help\command.txt">
      <Filter>Edit\Help</Filter>
    </None>
    <None Include="..\lib\help\bldg.txt">
      <Filter>Edit\Help</Filter>
    </None>
    <None Include="..\lib\help\attack.txt">
      <Filter>Edit\Help</Filter>
    </None>
    <None Include="..\lib\help\town.hlp">
      <Filter>Edit\Help</Filter>
    </None>
    <None Include="..\lib\help\raceclas.hlp">
      <Filter>Edit\Help</Filter>
    </None>
    <None Include="..\lib\help\pref.hlp">
      <Filter>Edit\Help</Filter>
    </None>
    <None Include="..\lib\help\option.hlp">
      <Filter>Edit\Help</Filter>
    </None>
    <None Include="..\lib\help\objects.hlp">
      <Filter>Edit\Help</Filter>
    </None>
    <None Include="..\lib\help\monster.hlp">
      <Filter>Edit\Help</Filter>
    </None>
    <None Include="..\lib\help\magic.hlp">
      <Filter>Edit\Help</Filter>
    </None>
    <None Include="..\lib\help\help.hlp">
      <Filter>Edit\Help</Filter>
    </None>
    <None Include="..\lib\help\general.hlp">
      <Filter>Edit\Help</Filter>
    </None>
    <None Include="..\lib\help\dungeon.hlp">
      <Filter>Edit\Help</Filter>
    </None>
    <None Include="..\lib\help\defend.hlp">
      <Filter>Edit\Help</Filter>
    </None>
    <None Include="..\lib\help\commdesc.hlp">
      <Filter>Edit\Help</Filter>
    </None>
    <None Include="..\lib\help\command.hlp">
      <Filter>Edit\Help</Filter>
    </None>
    <None Include="..\lib\help\birth.hlp">
      <Filter>Edit\Help</Filter>
    </None>
    <None Include="..\lib\help\attack.hlp">
      <Filter>Edit\Help</Filter>
    </None>
    <None Include="..\lib\file\a_high.txt">
      <Filter>Edit\Files</Filter>
    </None>
    <None Include="..\lib\file\a_low.txt">
      <Filter>Edit\Files</Filter>
    </None>
    <None Include="..\lib\file\a_med.txt">
      <Filter>Edit\Files</Filter>
    </None>
    <None Include="..\lib\file\lite_high.txt">
      <Filter>Edit\Files</Filter>
    </None>
    <None Include="..\lib\file\lite_low.txt">
      <Filter>Edit\Files</Filter>
    </None>
    <None Include="..\lib\file\lite_med.txt">
      <Filter>Edit\Files</Filter>
    </None>
    <None Include="..\lib\file\w_cursed.txt">
      <Filter>Edit\Files</Filter>
    </None>
    <None Include="..\lib\file\w_high.txt">
      <Filter>Edit\Files</Filter>
    </None>
    <None Include="..\lib\file\w_low.txt">
      <Filter>Edit\Files</Filter>
    </None>
    <None Include="..\lib\file\w_med.txt">
      <Filter>Edit\Files</Filter>
    </None>
    <None Include="..\lib\file\a_cursed.txt">
      <Filter>Edit\Files</Filter>
    </None>
    <None Include="..\lib\file\lite_cursed.txt">
      <Filter>Edit\Files</Filter>
    </None>
    <None Include="..\lib\file\amulet_cursed.txt">
      <Filter>Edit\Files</Filter>
    </None>
    <None Include="..\lib\file\amulet_high.txt">
      <Filter>Edit\Files</Filter>
    </None>
    <None Include="..\lib\file\amulet_low.txt">
      <Filter>Edit\Files</Filter>
    </None>
    <None Include="..\lib\file\amulet_med.txt">
      <Filter>Edit\Files</Filter>
    </None>
    <None Include="..\lib\file\ring_cursed.txt">
      <Filter>Edit\Files</Filter>
    </None>
    <None Include="..\lib\file\ring_high.txt">
      <Filter>Edit\Files</Filter>
    </None>
    <None Include="..\lib\file\ring_low.txt">
      <Filter>Edit\Files</Filter>
    </None>
    <None Include="..\lib\file\ring_med.txt">
      <Filter>Edit\Files</Filter>
    </None>
    <None Include="..\lib\help\MonsterRaces.txt">
      <Filter>Edit\Help</Filter>
    </None>
    <None Include="..\lib\file\mondeath.txt">
      <Filter>Edit\Stuff</Filter>
    </None>
    <None Include="..\lib\file\rumors.txt">
      <Filter>Edit\Files</Filter>
    </None>
    <None Include="..\lib\edit\b_info.txt">
      <Filter>Edit\Stuff</Filter>
    </None>
    <None Include="Makefile.inc">
      <Filter>Edit\Other Makefiles</Filter>
    </None>
    <None Include="Makefile.osx">
      <Filter>Edit\Other Makefiles</Filter>
    </None>
    <None Include="Makefile.src">
      <Filter>Edit\Other Makefiles</Filter>
    </None>
    <None Include="..\readme.txt">
      <Filter>Edit</Filter>
    </None>
    <None Include="..\lib\help\rings.txt">
      <Filter>Edit\Help</Filter>
    </None>
    <None Include="..\lib\help\DragonRealms.txt">
      <Filter>Edit\Help</Filter>
    </None>
  </ItemGroup>
</Project>